
Microsoft Visual Studio Solution File, Format Version 12.00
# Visual Studio Version 16
VisualStudioVersion = 16.0.30413.136
MinimumVisualStudioVersion = 10.0.40219.1
Project("{9A19103F-16F7-4668-BE54-9A1E7A4F7556}") = "MemberShip.Web", "MemberShipSystem\MemberShip.Web.csproj", "{3837DD9B-AEDF-48DF-97E2-356D622478C1}"
EndProject
Global
	GlobalSection(SolutionConfigurationPlatforms) = preSolution
		Debug|Any CPU = Debug|Any CPU
		Release|Any CPU = Release|Any CPU
	EndGlobalSection
	GlobalSection(ProjectConfigurationPlatforms) = postSolution
		{3837DD9B-AEDF-48DF-97E2-356D622478C1}.Debug|Any CPU.ActiveCfg = Debug|Any CPU
		{3837DD9B-AEDF-48DF-97E2-356D622478C1}.Debug|Any CPU.Build.0 = Debug|Any CPU
		{3837DD9B-AEDF-48DF-97E2-356D622478C1}.Release|Any CPU.ActiveCfg = Release|Any CPU
		{3837DD9B-AEDF-48DF-97E2-356D622478C1}.Release|Any CPU.Build.0 = Release|Any CPU
	EndGlobalSection
	GlobalSection(SolutionProperties) = preSolution
		HideSolutionNode = FALSE
	EndGlobalSection
	GlobalSection(ExtensibilityGlobals) = postSolution
		SolutionGuid = {20D835D6-3F0A-402C-B7C8-AE50908CB13E}
	EndGlobalSection
EndGlobal
